
Microsoft Visual Studio Solution File, Format Version 12.00
# Visual Studio Version 17
VisualStudioVersion = 17.5.002.0
MinimumVisualStudioVersion = 10.0.40219.1
Project("{9A19103F-16F7-4668-BE54-9A1E7A4F7556}") = "Services-bus-queues", "Services-bus-queues.csproj", "{99534302-DCA9-42F0-B524-78EA52EC1EFA}"
EndProject
Global
	GlobalSection(SolutionConfigurationPlatforms) = preSolution
		Debug|Any CPU = Debug|Any CPU
		Release|Any CPU = Release|Any CPU
	EndGlobalSection
	GlobalSection(ProjectConfigurationPlatforms) = postSolution
		{99534302-DCA9-42F0-B524-78EA52EC1EFA}.Debug|Any CPU.ActiveCfg = Debug|Any CPU
		{99534302-DCA9-42F0-B524-78EA52EC1EFA}.Debug|Any CPU.Build.0 = Debug|Any CPU
		{99534302-DCA9-42F0-B524-78EA52EC1EFA}.Release|Any CPU.ActiveCfg = Release|Any CPU
		{99534302-DCA9-42F0-B524-78EA52EC1EFA}.Release|Any CPU.Build.0 = Release|Any CPU
	EndGlobalSection
	GlobalSection(SolutionProperties) = preSolution
		HideSolutionNode = FALSE
	EndGlobalSection
	GlobalSection(ExtensibilityGlobals) = postSolution
		SolutionGuid = {C7BBF250-D81E-4AB2-8B62-8C6B4EE61407}
	EndGlobalSection
EndGlobal
